
Microsoft Visual Studio Solution File, Format Version 12.00
# Visual Studio 2012
Project("{FAE04EC0-301F-11D3-BF4B-00C04F79EFBC}") = "SC.MVC.Starterkit.Business", "SC.MVC.Starterkit.Business\SC.MVC.Starterkit.Business.csproj", "{CA3235B6-34C5-408F-AECB-701E5386A28A}"
EndProject
Project("{FAE04EC0-301F-11D3-BF4B-00C04F79EFBC}") = "SC.MVC.Starterkit.Mvc", "SC.MVC.Starterkit.Mvc\SC.MVC.Starterkit.Mvc.csproj", "{629444A7-E45C-40DE-9CBF-1BE3E95ECD0D}"
EndProject
Global
	GlobalSection(SolutionConfigurationPlatforms) = preSolution
		Debug|Any CPU = Debug|Any CPU
		Release|Any CPU = Release|Any CPU
	EndGlobalSection
	GlobalSection(ProjectConfigurationPlatforms) = postSolution
		{CA3235B6-34C5-408F-AECB-701E5386A28A}.Debug|Any CPU.ActiveCfg = Debug|Any CPU
		{CA3235B6-34C5-408F-AECB-701E5386A28A}.Debug|Any CPU.Build.0 = Debug|Any CPU
		{CA3235B6-34C5-408F-AECB-701E5386A28A}.Release|Any CPU.ActiveCfg = Release|Any CPU
		{CA3235B6-34C5-408F-AECB-701E5386A28A}.Release|Any CPU.Build.0 = Release|Any CPU
		{629444A7-E45C-40DE-9CBF-1BE3E95ECD0D}.Debug|Any CPU.ActiveCfg = Debug|Any CPU
		{629444A7-E45C-40DE-9CBF-1BE3E95ECD0D}.Debug|Any CPU.Build.0 = Debug|Any CPU
		{629444A7-E45C-40DE-9CBF-1BE3E95ECD0D}.Release|Any CPU.ActiveCfg = Release|Any CPU
		{629444A7-E45C-40DE-9CBF-1BE3E95ECD0D}.Release|Any CPU.Build.0 = Release|Any CPU
	EndGlobalSection
	GlobalSection(SolutionProperties) = preSolution
		HideSolutionNode = FALSE
	EndGlobalSection
EndGlobal
